
Microsoft Visual Studio Solution File, Format Version 12.00
# Visual Studio Version 16
VisualStudioVersion = 16.0.30517.126
MinimumVisualStudioVersion = 10.0.40219.1
Project("{888888A0-9F3D-457C-B088-3A5042F75D52}") = "Zad2", "Zad2.pyproj", "{B62A70BA-182F-43B6-83E4-A90182BA1AE6}"
EndProject
Global
	GlobalSection(SolutionConfigurationPlatforms) = preSolution
		Debug|Any CPU = Debug|Any CPU
		Release|Any CPU = Release|Any CPU
	EndGlobalSection
	GlobalSection(ProjectConfigurationPlatforms) = postSolution
		{B62A70BA-182F-43B6-83E4-A90182BA1AE6}.Debug|Any CPU.ActiveCfg = Debug|Any CPU
		{B62A70BA-182F-43B6-83E4-A90182BA1AE6}.Release|Any CPU.ActiveCfg = Release|Any CPU
	EndGlobalSection
	GlobalSection(SolutionProperties) = preSolution
		HideSolutionNode = FALSE
	EndGlobalSection
	GlobalSection(ExtensibilityGlobals) = postSolution
		SolutionGuid = {5034FF24-6331-4AC7-8475-587ED86347B5}
	EndGlobalSection
EndGlobal
