
Microsoft Visual Studio Solution File, Format Version 12.00
# Visual Studio Version 16
VisualStudioVersion = 16.0.30517.126
MinimumVisualStudioVersion = 10.0.40219.1
Project("{888888A0-9F3D-457C-B088-3A5042F75D52}") = "Zad10", "Zad10.pyproj", "{ACAAF67B-E5EA-4353-88A4-BBAF2B616D69}"
EndProject
Global
	GlobalSection(SolutionConfigurationPlatforms) = preSolution
		Debug|Any CPU = Debug|Any CPU
		Release|Any CPU = Release|Any CPU
	EndGlobalSection
	GlobalSection(ProjectConfigurationPlatforms) = postSolution
		{ACAAF67B-E5EA-4353-88A4-BBAF2B616D69}.Debug|Any CPU.ActiveCfg = Debug|Any CPU
		{ACAAF67B-E5EA-4353-88A4-BBAF2B616D69}.Release|Any CPU.ActiveCfg = Release|Any CPU
	EndGlobalSection
	GlobalSection(SolutionProperties) = preSolution
		HideSolutionNode = FALSE
	EndGlobalSection
	GlobalSection(ExtensibilityGlobals) = postSolution
		SolutionGuid = {B0FD1CE6-FA38-446D-B8BA-4E4D08386A2D}
	EndGlobalSection
EndGlobal
