
Microsoft Visual Studio Solution File, Format Version 12.00
# Visual Studio Version 16
VisualStudioVersion = 16.0.30517.126
MinimumVisualStudioVersion = 10.0.40219.1
Project("{888888A0-9F3D-457C-B088-3A5042F75D52}") = "Zad16", "Zad16.pyproj", "{6C382CB9-6957-49C1-867B-C9603BDA7603}"
EndProject
Global
	GlobalSection(SolutionConfigurationPlatforms) = preSolution
		Debug|Any CPU = Debug|Any CPU
		Release|Any CPU = Release|Any CPU
	EndGlobalSection
	GlobalSection(ProjectConfigurationPlatforms) = postSolution
		{6C382CB9-6957-49C1-867B-C9603BDA7603}.Debug|Any CPU.ActiveCfg = Debug|Any CPU
		{6C382CB9-6957-49C1-867B-C9603BDA7603}.Release|Any CPU.ActiveCfg = Release|Any CPU
	EndGlobalSection
	GlobalSection(SolutionProperties) = preSolution
		HideSolutionNode = FALSE
	EndGlobalSection
	GlobalSection(ExtensibilityGlobals) = postSolution
		SolutionGuid = {795B2A50-E0F0-47EF-81A1-7EB1A60BA216}
	EndGlobalSection
EndGlobal
