
Microsoft Visual Studio Solution File, Format Version 12.00
# Visual Studio Version 16
VisualStudioVersion = 16.0.29020.237
MinimumVisualStudioVersion = 10.0.40219.1
Project("{888888A0-9F3D-457C-B088-3A5042F75D52}") = "Tablica", "Tablica.pyproj", "{11632560-2FBE-4DC4-B582-5F66D71FD940}"
EndProject
Global
	GlobalSection(SolutionConfigurationPlatforms) = preSolution
		Debug|Any CPU = Debug|Any CPU
		Release|Any CPU = Release|Any CPU
	EndGlobalSection
	GlobalSection(ProjectConfigurationPlatforms) = postSolution
		{11632560-2FBE-4DC4-B582-5F66D71FD940}.Debug|Any CPU.ActiveCfg = Debug|Any CPU
		{11632560-2FBE-4DC4-B582-5F66D71FD940}.Release|Any CPU.ActiveCfg = Release|Any CPU
	EndGlobalSection
	GlobalSection(SolutionProperties) = preSolution
		HideSolutionNode = FALSE
	EndGlobalSection
	GlobalSection(ExtensibilityGlobals) = postSolution
		SolutionGuid = {5B14A9D4-E60C-4D4D-AF6F-BCD79F228AAC}
	EndGlobalSection
EndGlobal
