
Microsoft Visual Studio Solution File, Format Version 12.00
# Visual Studio Version 16
VisualStudioVersion = 16.0.30517.126
MinimumVisualStudioVersion = 10.0.40219.1
Project("{888888A0-9F3D-457C-B088-3A5042F75D52}") = "Zajecia2", "Zajecia2.pyproj", "{1E779C2A-9941-458F-A44D-610D23B644B3}"
EndProject
Global
	GlobalSection(SolutionConfigurationPlatforms) = preSolution
		Debug|Any CPU = Debug|Any CPU
		Release|Any CPU = Release|Any CPU
	EndGlobalSection
	GlobalSection(ProjectConfigurationPlatforms) = postSolution
		{1E779C2A-9941-458F-A44D-610D23B644B3}.Debug|Any CPU.ActiveCfg = Debug|Any CPU
		{1E779C2A-9941-458F-A44D-610D23B644B3}.Release|Any CPU.ActiveCfg = Release|Any CPU
	EndGlobalSection
	GlobalSection(SolutionProperties) = preSolution
		HideSolutionNode = FALSE
	EndGlobalSection
	GlobalSection(ExtensibilityGlobals) = postSolution
		SolutionGuid = {50392D8A-9C75-4E7D-82C0-312CBF012394}
	EndGlobalSection
EndGlobal
