
Microsoft Visual Studio Solution File, Format Version 12.00
# Visual Studio Version 16
VisualStudioVersion = 16.0.29020.237
MinimumVisualStudioVersion = 10.0.40219.1
Project("{888888A0-9F3D-457C-B088-3A5042F75D52}") = "Kivy", "Kivy.pyproj", "{8A68B084-2BAA-4E4A-95E7-DAAE53BA9CAF}"
EndProject
Global
	GlobalSection(SolutionConfigurationPlatforms) = preSolution
		Debug|Any CPU = Debug|Any CPU
		Release|Any CPU = Release|Any CPU
	EndGlobalSection
	GlobalSection(ProjectConfigurationPlatforms) = postSolution
		{8A68B084-2BAA-4E4A-95E7-DAAE53BA9CAF}.Debug|Any CPU.ActiveCfg = Debug|Any CPU
		{8A68B084-2BAA-4E4A-95E7-DAAE53BA9CAF}.Release|Any CPU.ActiveCfg = Release|Any CPU
	EndGlobalSection
	GlobalSection(SolutionProperties) = preSolution
		HideSolutionNode = FALSE
	EndGlobalSection
	GlobalSection(ExtensibilityGlobals) = postSolution
		SolutionGuid = {407BB395-337F-4FCF-AF4C-519AF5F8ECDA}
	EndGlobalSection
EndGlobal
