
Microsoft Visual Studio Solution File, Format Version 12.00
# Visual Studio Version 16
VisualStudioVersion = 16.0.30517.126
MinimumVisualStudioVersion = 10.0.40219.1
Project("{888888A0-9F3D-457C-B088-3A5042F75D52}") = "Zad11", "Zad11.pyproj", "{59CFC3CA-13FD-4153-9156-796CB887FD6C}"
EndProject
Global
	GlobalSection(SolutionConfigurationPlatforms) = preSolution
		Debug|Any CPU = Debug|Any CPU
		Release|Any CPU = Release|Any CPU
	EndGlobalSection
	GlobalSection(ProjectConfigurationPlatforms) = postSolution
		{59CFC3CA-13FD-4153-9156-796CB887FD6C}.Debug|Any CPU.ActiveCfg = Debug|Any CPU
		{59CFC3CA-13FD-4153-9156-796CB887FD6C}.Release|Any CPU.ActiveCfg = Release|Any CPU
	EndGlobalSection
	GlobalSection(SolutionProperties) = preSolution
		HideSolutionNode = FALSE
	EndGlobalSection
	GlobalSection(ExtensibilityGlobals) = postSolution
		SolutionGuid = {FDFCA3B3-5DDA-4F75-94DC-700DEC614A13}
	EndGlobalSection
EndGlobal
