
Microsoft Visual Studio Solution File, Format Version 12.00
# Visual Studio Version 16
VisualStudioVersion = 16.0.29020.237
MinimumVisualStudioVersion = 10.0.40219.1
Project("{888888A0-9F3D-457C-B088-3A5042F75D52}") = "PROJEKT", "PROJEKT.pyproj", "{5BEA24E7-A4DA-4185-ADB6-438DD35E372E}"
EndProject
Global
	GlobalSection(SolutionConfigurationPlatforms) = preSolution
		Debug|Any CPU = Debug|Any CPU
		Release|Any CPU = Release|Any CPU
	EndGlobalSection
	GlobalSection(ProjectConfigurationPlatforms) = postSolution
		{5BEA24E7-A4DA-4185-ADB6-438DD35E372E}.Debug|Any CPU.ActiveCfg = Debug|Any CPU
		{5BEA24E7-A4DA-4185-ADB6-438DD35E372E}.Release|Any CPU.ActiveCfg = Release|Any CPU
	EndGlobalSection
	GlobalSection(SolutionProperties) = preSolution
		HideSolutionNode = FALSE
	EndGlobalSection
	GlobalSection(ExtensibilityGlobals) = postSolution
		SolutionGuid = {A256F37E-6199-438E-A094-364E4E6D702A}
	EndGlobalSection
EndGlobal
