
Microsoft Visual Studio Solution File, Format Version 12.00
# Visual Studio Version 16
VisualStudioVersion = 16.0.30517.126
MinimumVisualStudioVersion = 10.0.40219.1
Project("{888888A0-9F3D-457C-B088-3A5042F75D52}") = "Zad4", "Zad4.pyproj", "{5B781AAC-EB60-4956-AF57-294E9DCCECC1}"
EndProject
Global
	GlobalSection(SolutionConfigurationPlatforms) = preSolution
		Debug|Any CPU = Debug|Any CPU
		Release|Any CPU = Release|Any CPU
	EndGlobalSection
	GlobalSection(ProjectConfigurationPlatforms) = postSolution
		{5B781AAC-EB60-4956-AF57-294E9DCCECC1}.Debug|Any CPU.ActiveCfg = Debug|Any CPU
		{5B781AAC-EB60-4956-AF57-294E9DCCECC1}.Release|Any CPU.ActiveCfg = Release|Any CPU
	EndGlobalSection
	GlobalSection(SolutionProperties) = preSolution
		HideSolutionNode = FALSE
	EndGlobalSection
	GlobalSection(ExtensibilityGlobals) = postSolution
		SolutionGuid = {09081F9B-FF7D-4AC9-98E8-64767E0433BA}
	EndGlobalSection
EndGlobal
