
Microsoft Visual Studio Solution File, Format Version 12.00
# Visual Studio Version 16
VisualStudioVersion = 16.0.30517.126
MinimumVisualStudioVersion = 10.0.40219.1
Project("{888888A0-9F3D-457C-B088-3A5042F75D52}") = "Zad8", "Zad8.pyproj", "{994BD0D3-F8AD-4418-9D5F-A5605FB9FC9B}"
EndProject
Global
	GlobalSection(SolutionConfigurationPlatforms) = preSolution
		Debug|Any CPU = Debug|Any CPU
		Release|Any CPU = Release|Any CPU
	EndGlobalSection
	GlobalSection(ProjectConfigurationPlatforms) = postSolution
		{994BD0D3-F8AD-4418-9D5F-A5605FB9FC9B}.Debug|Any CPU.ActiveCfg = Debug|Any CPU
		{994BD0D3-F8AD-4418-9D5F-A5605FB9FC9B}.Release|Any CPU.ActiveCfg = Release|Any CPU
	EndGlobalSection
	GlobalSection(SolutionProperties) = preSolution
		HideSolutionNode = FALSE
	EndGlobalSection
	GlobalSection(ExtensibilityGlobals) = postSolution
		SolutionGuid = {5D6DF9F1-D55F-433D-AC1D-7D312F981721}
	EndGlobalSection
EndGlobal
