
Microsoft Visual Studio Solution File, Format Version 12.00
# Visual Studio Version 16
VisualStudioVersion = 16.0.30517.126
MinimumVisualStudioVersion = 10.0.40219.1
Project("{888888A0-9F3D-457C-B088-3A5042F75D52}") = "Kwadrat", "Kwadrat.pyproj", "{4ED58978-4BD6-424D-A250-B572D982C1EE}"
EndProject
Global
	GlobalSection(SolutionConfigurationPlatforms) = preSolution
		Debug|Any CPU = Debug|Any CPU
		Release|Any CPU = Release|Any CPU
	EndGlobalSection
	GlobalSection(ProjectConfigurationPlatforms) = postSolution
		{4ED58978-4BD6-424D-A250-B572D982C1EE}.Debug|Any CPU.ActiveCfg = Debug|Any CPU
		{4ED58978-4BD6-424D-A250-B572D982C1EE}.Release|Any CPU.ActiveCfg = Release|Any CPU
	EndGlobalSection
	GlobalSection(SolutionProperties) = preSolution
		HideSolutionNode = FALSE
	EndGlobalSection
	GlobalSection(ExtensibilityGlobals) = postSolution
		SolutionGuid = {4BDE7CE3-19DC-4326-BC5C-80B83CD55EE4}
	EndGlobalSection
EndGlobal
