
Microsoft Visual Studio Solution File, Format Version 12.00
# Visual Studio Version 16
VisualStudioVersion = 16.0.29020.237
MinimumVisualStudioVersion = 10.0.40219.1
Project("{888888A0-9F3D-457C-B088-3A5042F75D52}") = "Tablice2", "Tablice2.pyproj", "{6986F979-24EB-4D24-AC81-AE869E50DB99}"
EndProject
Global
	GlobalSection(SolutionConfigurationPlatforms) = preSolution
		Debug|Any CPU = Debug|Any CPU
		Release|Any CPU = Release|Any CPU
	EndGlobalSection
	GlobalSection(ProjectConfigurationPlatforms) = postSolution
		{6986F979-24EB-4D24-AC81-AE869E50DB99}.Debug|Any CPU.ActiveCfg = Debug|Any CPU
		{6986F979-24EB-4D24-AC81-AE869E50DB99}.Release|Any CPU.ActiveCfg = Release|Any CPU
	EndGlobalSection
	GlobalSection(SolutionProperties) = preSolution
		HideSolutionNode = FALSE
	EndGlobalSection
	GlobalSection(ExtensibilityGlobals) = postSolution
		SolutionGuid = {7B714FEA-4120-4049-8AE3-E66FBEA3B821}
	EndGlobalSection
EndGlobal
