
Microsoft Visual Studio Solution File, Format Version 12.00
# Visual Studio Version 16
VisualStudioVersion = 16.0.30517.126
MinimumVisualStudioVersion = 10.0.40219.1
Project("{888888A0-9F3D-457C-B088-3A5042F75D52}") = "Tkinter", "Tkinter.pyproj", "{79ABC0E7-2174-4948-A989-1B6980D30052}"
EndProject
Global
	GlobalSection(SolutionConfigurationPlatforms) = preSolution
		Debug|Any CPU = Debug|Any CPU
		Release|Any CPU = Release|Any CPU
	EndGlobalSection
	GlobalSection(ProjectConfigurationPlatforms) = postSolution
		{79ABC0E7-2174-4948-A989-1B6980D30052}.Debug|Any CPU.ActiveCfg = Debug|Any CPU
		{79ABC0E7-2174-4948-A989-1B6980D30052}.Release|Any CPU.ActiveCfg = Release|Any CPU
	EndGlobalSection
	GlobalSection(SolutionProperties) = preSolution
		HideSolutionNode = FALSE
	EndGlobalSection
	GlobalSection(ExtensibilityGlobals) = postSolution
		SolutionGuid = {19285C93-8881-4A6C-9D1B-33BE23C46242}
	EndGlobalSection
EndGlobal
