
Microsoft Visual Studio Solution File, Format Version 12.00
# Visual Studio Version 16
VisualStudioVersion = 16.0.30517.126
MinimumVisualStudioVersion = 10.0.40219.1
Project("{888888A0-9F3D-457C-B088-3A5042F75D52}") = "Zad2", "Zad2.pyproj", "{1260214E-5BE4-46EB-A45A-187B468F6A53}"
EndProject
Global
	GlobalSection(SolutionConfigurationPlatforms) = preSolution
		Debug|Any CPU = Debug|Any CPU
		Release|Any CPU = Release|Any CPU
	EndGlobalSection
	GlobalSection(ProjectConfigurationPlatforms) = postSolution
		{1260214E-5BE4-46EB-A45A-187B468F6A53}.Debug|Any CPU.ActiveCfg = Debug|Any CPU
		{1260214E-5BE4-46EB-A45A-187B468F6A53}.Release|Any CPU.ActiveCfg = Release|Any CPU
	EndGlobalSection
	GlobalSection(SolutionProperties) = preSolution
		HideSolutionNode = FALSE
	EndGlobalSection
	GlobalSection(ExtensibilityGlobals) = postSolution
		SolutionGuid = {33C3D0E6-538D-426E-8D95-77E6DC21C138}
	EndGlobalSection
EndGlobal
