
Microsoft Visual Studio Solution File, Format Version 12.00
# Visual Studio Version 16
VisualStudioVersion = 16.0.29020.237
MinimumVisualStudioVersion = 10.0.40219.1
Project("{888888A0-9F3D-457C-B088-3A5042F75D52}") = "Temperatury", "Temperatury\Temperatury.pyproj", "{084D448E-24E2-47D0-B907-9F400403E3A1}"
EndProject
Global
	GlobalSection(SolutionConfigurationPlatforms) = preSolution
		Debug|Any CPU = Debug|Any CPU
		Release|Any CPU = Release|Any CPU
	EndGlobalSection
	GlobalSection(ProjectConfigurationPlatforms) = postSolution
		{084D448E-24E2-47D0-B907-9F400403E3A1}.Debug|Any CPU.ActiveCfg = Debug|Any CPU
		{084D448E-24E2-47D0-B907-9F400403E3A1}.Release|Any CPU.ActiveCfg = Release|Any CPU
	EndGlobalSection
	GlobalSection(SolutionProperties) = preSolution
		HideSolutionNode = FALSE
	EndGlobalSection
	GlobalSection(ExtensibilityGlobals) = postSolution
		SolutionGuid = {40719094-26D0-465D-80B5-9677A682E97C}
	EndGlobalSection
EndGlobal
